
Microsoft Visual Studio Solution File, Format Version 12.00
# Visual Studio Version 16
VisualStudioVersion = 16.0.30204.135
MinimumVisualStudioVersion = 10.0.40219.1
Project("{FAE04EC0-301F-11D3-BF4B-00C04F79EFBC}") = "HuntingApp", "HuntingApp\HuntingApp.csproj", "{6636658A-E021-4127-B001-D0EB9A2847F8}"
EndProject
Global
	GlobalSection(SolutionConfigurationPlatforms) = preSolution
		Debug|Any CPU = Debug|Any CPU
		Release|Any CPU = Release|Any CPU
	EndGlobalSection
	GlobalSection(ProjectConfigurationPlatforms) = postSolution
		{6636658A-E021-4127-B001-D0EB9A2847F8}.Debug|Any CPU.ActiveCfg = Debug|Any CPU
		{6636658A-E021-4127-B001-D0EB9A2847F8}.Debug|Any CPU.Build.0 = Debug|Any CPU
		{6636658A-E021-4127-B001-D0EB9A2847F8}.Release|Any CPU.ActiveCfg = Release|Any CPU
		{6636658A-E021-4127-B001-D0EB9A2847F8}.Release|Any CPU.Build.0 = Release|Any CPU
	EndGlobalSection
	GlobalSection(SolutionProperties) = preSolution
		HideSolutionNode = FALSE
	EndGlobalSection
	GlobalSection(ExtensibilityGlobals) = postSolution
		SolutionGuid = {CAE99107-BB0E-4FDB-BE39-ABC608B37BAC}
	EndGlobalSection
EndGlobal
